// !$*UTF8*$!
{
	archiveVersion = 1;
	classes = {
	};
	objectVersion = 55;
	objects = {

/* Begin PBXBuildFile section */
		2B4A4C2228F53CF200B94645 /* PostCell.swift in Sources */ = {isa = PBXBuildFile; fileRef = 2B4A4C2128F53CF200B94645 /* PostCell.swift */; };
		2B94F7F128F5051E00B31187 /* CameraViewController.swift in Sources */ = {isa = PBXBuildFile; fileRef = 2B94F7F028F5051D00B31187 /* CameraViewController.swift */; };
		2B95E31D28F4CF49007205F7 /* LoginViewController.swift in Sources */ = {isa = PBXBuildFile; fileRef = 2B95E31C28F4CF49007205F7 /* LoginViewController.swift */; };
		2B95E31F28F4CF61007205F7 /* FeedViewController.swift in Sources */ = {isa = PBXBuildFile; fileRef = 2B95E31E28F4CF61007205F7 /* FeedViewController.swift */; };
		2B9E958128F3D51E0005D7B5 /* AppDelegate.swift in Sources */ = {isa = PBXBuildFile; fileRef = 2B9E958028F3D51E0005D7B5 /* AppDelegate.swift */; };
		2B9E958328F3D51E0005D7B5 /* SceneDelegate.swift in Sources */ = {isa = PBXBuildFile; fileRef = 2B9E958228F3D51E0005D7B5 /* SceneDelegate.swift */; };
		2B9E958828F3D51E0005D7B5 /* Main.storyboard in Resources */ = {isa = PBXBuildFile; fileRef = 2B9E958628F3D51E0005D7B5 /* Main.storyboard */; };
		2B9E958B28F3D51E0005D7B5 /* Parstagram.xcdatamodeld in Sources */ = {isa = PBXBuildFile; fileRef = 2B9E958928F3D51E0005D7B5 /* Parstagram.xcdatamodeld */; };
		2B9E958D28F3D5250005D7B5 /* Assets.xcassets in Resources */ = {isa = PBXBuildFile; fileRef = 2B9E958C28F3D5250005D7B5 /* Assets.xcassets */; };
		2B9E959028F3D5250005D7B5 /* LaunchScreen.storyboard in Resources */ = {isa = PBXBuildFile; fileRef = 2B9E958E28F3D5250005D7B5 /* LaunchScreen.storyboard */; };
		2B9E959B28F3D5260005D7B5 /* ParstagramTests.swift in Sources */ = {isa = PBXBuildFile; fileRef = 2B9E959A28F3D5260005D7B5 /* ParstagramTests.swift */; };
		2B9E95A528F3D5260005D7B5 /* ParstagramUITests.swift in Sources */ = {isa = PBXBuildFile; fileRef = 2B9E95A428F3D5260005D7B5 /* ParstagramUITests.swift */; };
		2B9E95A728F3D5260005D7B5 /* ParstagramUITestsLaunchTests.swift in Sources */ = {isa = PBXBuildFile; fileRef = 2B9E95A628F3D5260005D7B5 /* ParstagramUITestsLaunchTests.swift */; };
		76950612271BE2711A5A9A98 /* Pods_Parstagram.framework in Frameworks */ = {isa = PBXBuildFile; fileRef = B8DCB99DFB5EE780280D2B7F /* Pods_Parstagram.framework */; };
		79F1B65817AA7060397ABD55 /* Pods_Parstagram_ParstagramUITests.framework in Frameworks */ = {isa = PBXBuildFile; fileRef = 2831DD923B48D0CF747EC998 /* Pods_Parstagram_ParstagramUITests.framework */; };
		E2BF71A6E5AE1A8381EED5D8 /* Pods_ParstagramTests.framework in Frameworks */ = {isa = PBXBuildFile; fileRef = 031F8BBE6FBEC5DC87A3F7D0 /* Pods_ParstagramTests.framework */; };
/* End PBXBuildFile section */

/* Begin PBXContainerItemProxy section */
		2B9E959728F3D5260005D7B5 /* PBXContainerItemProxy */ = {
			isa = PBXContainerItemProxy;
			containerPortal = 2B9E957528F3D51E0005D7B5 /* Project object */;
			proxyType = 1;
			remoteGlobalIDString = 2B9E957C28F3D51E0005D7B5;
			remoteInfo = Parstagram;
		};
		2B9E95A128F3D5260005D7B5 /* PBXContainerItemProxy */ = {
			isa = PBXContainerItemProxy;
			containerPortal = 2B9E957528F3D51E0005D7B5 /* Project object */;
			proxyType = 1;
			remoteGlobalIDString = 2B9E957C28F3D51E0005D7B5;
			remoteInfo = Parstagram;
		};
/* End PBXContainerItemProxy section */

/* Begin PBXFileReference section */
		031F8BBE6FBEC5DC87A3F7D0 /* Pods_ParstagramTests.framework */ = {isa = PBXFileReference; explicitFileType = wrapper.framework; includeInIndex = 0; path = Pods_ParstagramTests.framework; sourceTree = BUILT_PRODUCTS_DIR; };
		084C907FB54043D7AD70993C /* Pods-Parstagram.release.xcconfig */ = {isa = PBXFileReference; includeInIndex = 1; lastKnownFileType = text.xcconfig; name = "Pods-Parstagram.release.xcconfig"; path = "Target Support Files/Pods-Parstagram/Pods-Parstagram.release.xcconfig"; sourceTree = "<group>"; };
		265AD3CB306335B3ACD5FDBA /* Pods-Parstagram-ParstagramUITests.debug.xcconfig */ = {isa = PBXFileReference; includeInIndex = 1; lastKnownFileType = text.xcconfig; name = "Pods-Parstagram-ParstagramUITests.debug.xcconfig"; path = "Target Support Files/Pods-Parstagram-ParstagramUITests/Pods-Parstagram-ParstagramUITests.debug.xcconfig"; sourceTree = "<group>"; };
		2831DD923B48D0CF747EC998 /* Pods_Parstagram_ParstagramUITests.framework */ = {isa = PBXFileReference; explicitFileType = wrapper.framework; includeInIndex = 0; path = Pods_Parstagram_ParstagramUITests.framework; sourceTree = BUILT_PRODUCTS_DIR; };
		2B4A4C2128F53CF200B94645 /* PostCell.swift */ = {isa = PBXFileReference; lastKnownFileType = sourcecode.swift; path = PostCell.swift; sourceTree = "<group>"; };
		2B94F7F028F5051D00B31187 /* CameraViewController.swift */ = {isa = PBXFileReference; lastKnownFileType = sourcecode.swift; path = CameraViewController.swift; sourceTree = "<group>"; };
		2B95E31C28F4CF49007205F7 /* LoginViewController.swift */ = {isa = PBXFileReference; lastKnownFileType = sourcecode.swift; path = LoginViewController.swift; sourceTree = "<group>"; };
		2B95E31E28F4CF61007205F7 /* FeedViewController.swift */ = {isa = PBXFileReference; lastKnownFileType = sourcecode.swift; path = FeedViewController.swift; sourceTree = "<group>"; };
		2B9E957D28F3D51E0005D7B5 /* Parstagram.app */ = {isa = PBXFileReference; explicitFileType = wrapper.application; includeInIndex = 0; path = Parstagram.app; sourceTree = BUILT_PRODUCTS_DIR; };
		2B9E958028F3D51E0005D7B5 /* AppDelegate.swift */ = {isa = PBXFileReference; lastKnownFileType = sourcecode.swift; path = AppDelegate.swift; sourceTree = "<group>"; };
		2B9E958228F3D51E0005D7B5 /* SceneDelegate.swift */ = {isa = PBXFileReference; lastKnownFileType = sourcecode.swift; path = SceneDelegate.swift; sourceTree = "<group>"; };
		2B9E958728F3D51E0005D7B5 /* Base */ = {isa = PBXFileReference; lastKnownFileType = file.storyboard; name = Base; path = Base.lproj/Main.storyboard; sourceTree = "<group>"; };
		2B9E958A28F3D51E0005D7B5 /* Parstagram.xcdatamodel */ = {isa = PBXFileReference; lastKnownFileType = wrapper.xcdatamodel; path = Parstagram.xcdatamodel; sourceTree = "<group>"; };
		2B9E958C28F3D5250005D7B5 /* Assets.xcassets */ = {isa = PBXFileReference; lastKnownFileType = folder.assetcatalog; path = Assets.xcassets; sourceTree = "<group>"; };
		2B9E958F28F3D5250005D7B5 /* Base */ = {isa = PBXFileReference; lastKnownFileType = file.storyboard; name = Base; path = Base.lproj/LaunchScreen.storyboard; sourceTree = "<group>"; };
		2B9E959128F3D5250005D7B5 /* Info.plist */ = {isa = PBXFileReference; lastKnownFileType = text.plist.xml; path = Info.plist; sourceTree = "<group>"; };
		2B9E959628F3D5260005D7B5 /* ParstagramTests.xctest */ = {isa = PBXFileReference; explicitFileType = wrapper.cfbundle; includeInIndex = 0; path = ParstagramTests.xctest; sourceTree = BUILT_PRODUCTS_DIR; };
		2B9E959A28F3D5260005D7B5 /* ParstagramTests.swift */ = {isa = PBXFileReference; lastKnownFileType = sourcecode.swift; path = ParstagramTests.swift; sourceTree = "<group>"; };
		2B9E95A028F3D5260005D7B5 /* ParstagramUITests.xctest */ = {isa = PBXFileReference; explicitFileType = wrapper.cfbundle; includeInIndex = 0; path = ParstagramUITests.xctest; sourceTree = BUILT_PRODUCTS_DIR; };
		2B9E95A428F3D5260005D7B5 /* ParstagramUITests.swift */ = {isa = PBXFileReference; lastKnownFileType = sourcecode.swift; path = ParstagramUITests.swift; sourceTree = "<group>"; };
		2B9E95A628F3D5260005D7B5 /* ParstagramUITestsLaunchTests.swift */ = {isa = PBXFileReference; lastKnownFileType = sourcecode.swift; path = ParstagramUITestsLaunchTests.swift; sourceTree = "<group>"; };
		7DB3E8AA5721859117BA8F7A /* Pods-Parstagram-ParstagramUITests.release.xcconfig */ = {isa = PBXFileReference; includeInIndex = 1; lastKnownFileType = text.xcconfig; name = "Pods-Parstagram-ParstagramUITests.release.xcconfig"; path = "Target Support Files/Pods-Parstagram-ParstagramUITests/Pods-Parstagram-ParstagramUITests.release.xcconfig"; sourceTree = "<group>"; };
		A25EE5425626D318E3875E20 /* Pods-Parstagram.debug.xcconfig */ = {isa = PBXFileReference; includeInIndex = 1; lastKnownFileType = text.xcconfig; name = "Pods-Parstagram.debug.xcconfig"; path = "Target Support Files/Pods-Parstagram/Pods-Parstagram.debug.xcconfig"; sourceTree = "<group>"; };
		A291F9975FE4E694DE3E4FBD /* Pods-ParstagramTests.release.xcconfig */ = {isa = PBXFileReference; includeInIndex = 1; lastKnownFileType = text.xcconfig; name = "Pods-ParstagramTests.release.xcconfig"; path = "Target Support Files/Pods-ParstagramTests/Pods-ParstagramTests.release.xcconfig"; sourceTree = "<group>"; };
		B8DCB99DFB5EE780280D2B7F /* Pods_Parstagram.framework */ = {isa = PBXFileReference; explicitFileType = wrapper.framework; includeInIndex = 0; path = Pods_Parstagram.framework; sourceTree = BUILT_PRODUCTS_DIR; };
		F824A42ECE623343A3034224 /* Pods-ParstagramTests.debug.xcconfig */ = {isa = PBXFileReference; includeInIndex = 1; lastKnownFileType = text.xcconfig; name = "Pods-ParstagramTests.debug.xcconfig"; path = "Target Support Files/Pods-ParstagramTests/Pods-ParstagramTests.debug.xcconfig"; sourceTree = "<group>"; };
/* End PBXFileReference section */

/* Begin PBXFrameworksBuildPhase section */
		2B9E957A28F3D51E0005D7B5 /* Frameworks */ = {
			isa = PBXFrameworksBuildPhase;
			buildActionMask = 2147483647;
			files = (
				76950612271BE2711A5A9A98 /* Pods_Parstagram.framework in Frameworks */,
			);
			runOnlyForDeploymentPostprocessing = 0;
		};
		2B9E959328F3D5260005D7B5 /* Frameworks */ = {
			isa = PBXFrameworksBuildPhase;
			buildActionMask = 2147483647;
			files = (
				E2BF71A6E5AE1A8381EED5D8 /* Pods_ParstagramTests.framework in Frameworks */,
			);
			runOnlyForDeploymentPostprocessing = 0;
		};
		2B9E959D28F3D5260005D7B5 /* Frameworks */ = {
			isa = PBXFrameworksBuildPhase;
			buildActionMask = 2147483647;
			files = (
				79F1B65817AA7060397ABD55 /* Pods_Parstagram_ParstagramUITests.framework in Frameworks */,
			);
			runOnlyForDeploymentPostprocessing = 0;
		};
/* End PBXFrameworksBuildPhase section */

/* Begin PBXGroup section */
		2B9E957428F3D51E0005D7B5 = {
			isa = PBXGroup;
			children = (
				2B9E957F28F3D51E0005D7B5 /* Parstagram */,
				2B9E959928F3D5260005D7B5 /* ParstagramTests */,
				2B9E95A328F3D5260005D7B5 /* ParstagramUITests */,
				2B9E957E28F3D51E0005D7B5 /* Products */,
				3190F920E0DB500DEE9C349C /* Pods */,
				CB440D52D67E0E78E2F54727 /* Frameworks */,
			);
			sourceTree = "<group>";
		};
		2B9E957E28F3D51E0005D7B5 /* Products */ = {
			isa = PBXGroup;
			children = (
				2B9E957D28F3D51E0005D7B5 /* Parstagram.app */,
				2B9E959628F3D5260005D7B5 /* ParstagramTests.xctest */,
				2B9E95A028F3D5260005D7B5 /* ParstagramUITests.xctest */,
			);
			name = Products;
			sourceTree = "<group>";
		};
		2B9E957F28F3D51E0005D7B5 /* Parstagram */ = {
			isa = PBXGroup;
			children = (
				2B9E958028F3D51E0005D7B5 /* AppDelegate.swift */,
				2B9E958228F3D51E0005D7B5 /* SceneDelegate.swift */,
				2B9E958628F3D51E0005D7B5 /* Main.storyboard */,
				2B9E958C28F3D5250005D7B5 /* Assets.xcassets */,
				2B9E958E28F3D5250005D7B5 /* LaunchScreen.storyboard */,
				2B9E959128F3D5250005D7B5 /* Info.plist */,
				2B9E958928F3D51E0005D7B5 /* Parstagram.xcdatamodeld */,
				2B95E31C28F4CF49007205F7 /* LoginViewController.swift */,
				2B95E31E28F4CF61007205F7 /* FeedViewController.swift */,
				2B94F7F028F5051D00B31187 /* CameraViewController.swift */,
				2B4A4C2128F53CF200B94645 /* PostCell.swift */,
			);
			path = Parstagram;
			sourceTree = "<group>";
		};
		2B9E959928F3D5260005D7B5 /* ParstagramTests */ = {
			isa = PBXGroup;
			children = (
				2B9E959A28F3D5260005D7B5 /* ParstagramTests.swift */,
			);
			path = ParstagramTests;
			sourceTree = "<group>";
		};
		2B9E95A328F3D5260005D7B5 /* ParstagramUITests */ = {
			isa = PBXGroup;
			children = (
				2B9E95A428F3D5260005D7B5 /* ParstagramUITests.swift */,
				2B9E95A628F3D5260005D7B5 /* ParstagramUITestsLaunchTests.swift */,
			);
			path = ParstagramUITests;
			sourceTree = "<group>";
		};
		3190F920E0DB500DEE9C349C /* Pods */ = {
			isa = PBXGroup;
			children = (
				A25EE5425626D318E3875E20 /* Pods-Parstagram.debug.xcconfig */,
				084C907FB54043D7AD70993C /* Pods-Parstagram.release.xcconfig */,
				265AD3CB306335B3ACD5FDBA /* Pods-Parstagram-ParstagramUITests.debug.xcconfig */,
				7DB3E8AA5721859117BA8F7A /* Pods-Parstagram-ParstagramUITests.release.xcconfig */,
				F824A42ECE623343A3034224 /* Pods-ParstagramTests.debug.xcconfig */,
				A291F9975FE4E694DE3E4FBD /* Pods-ParstagramTests.release.xcconfig */,
			);
			path = Pods;
			sourceTree = "<group>";
		};
		CB440D52D67E0E78E2F54727 /* Frameworks */ = {
			isa = PBXGroup;
			children = (
				B8DCB99DFB5EE780280D2B7F /* Pods_Parstagram.framework */,
				2831DD923B48D0CF747EC998 /* Pods_Parstagram_ParstagramUITests.framework */,
				031F8BBE6FBEC5DC87A3F7D0 /* Pods_ParstagramTests.framework */,
			);
			name = Frameworks;
			sourceTree = "<group>";
		};
/* End PBXGroup section */

/* Begin PBXNativeTarget section */
		2B9E957C28F3D51E0005D7B5 /* Parstagram */ = {
			isa = PBXNativeTarget;
			buildConfigurationList = 2B9E95AA28F3D5260005D7B5 /* Build configuration list for PBXNativeTarget "Parstagram" */;
			buildPhases = (
				8031185103DD1CDDC92D7591 /* [CP] Check Pods Manifest.lock */,
				2B9E957928F3D51E0005D7B5 /* Sources */,
				2B9E957A28F3D51E0005D7B5 /* Frameworks */,
				2B9E957B28F3D51E0005D7B5 /* Resources */,
				8715DC4552D8A6A4706FC113 /* [CP] Embed Pods Frameworks */,
			);
			buildRules = (
			);
			dependencies = (
			);
			name = Parstagram;
			productName = Parstagram;
			productReference = 2B9E957D28F3D51E0005D7B5 /* Parstagram.app */;
			productType = "com.apple.product-type.application";
		};
		2B9E959528F3D5260005D7B5 /* ParstagramTests */ = {
			isa = PBXNativeTarget;
			buildConfigurationList = 2B9E95AD28F3D5260005D7B5 /* Build configuration list for PBXNativeTarget "ParstagramTests" */;
			buildPhases = (
				B29FDFC2038FF3443ED14AC0 /* [CP] Check Pods Manifest.lock */,
				2B9E959228F3D5260005D7B5 /* Sources */,
				2B9E959328F3D5260005D7B5 /* Frameworks */,
				2B9E959428F3D5260005D7B5 /* Resources */,
			);
			buildRules = (
			);
			dependencies = (
				2B9E959828F3D5260005D7B5 /* PBXTargetDependency */,
			);
			name = ParstagramTests;
			productName = ParstagramTests;
			productReference = 2B9E959628F3D5260005D7B5 /* ParstagramTests.xctest */;
			productType = "com.apple.product-type.bundle.unit-test";
		};
		2B9E959F28F3D5260005D7B5 /* ParstagramUITests */ = {
			isa = PBXNativeTarget;
			buildConfigurationList = 2B9E95B028F3D5260005D7B5 /* Build configuration list for PBXNativeTarget "ParstagramUITests" */;
			buildPhases = (
				406B9166222F62DCB1E6CFB6 /* [CP] Check Pods Manifest.lock */,
				2B9E959C28F3D5260005D7B5 /* Sources */,
				2B9E959D28F3D5260005D7B5 /* Frameworks */,
				2B9E959E28F3D5260005D7B5 /* Resources */,
				1AF2FF32B7EE0CD7C4BBD447 /* [CP] Embed Pods Frameworks */,
			);
			buildRules = (
			);
			dependencies = (
				2B9E95A228F3D5260005D7B5 /* PBXTargetDependency */,
			);
			name = ParstagramUITests;
			productName = ParstagramUITests;
			productReference = 2B9E95A028F3D5260005D7B5 /* ParstagramUITests.xctest */;
			productType = "com.apple.product-type.bundle.ui-testing";
		};
/* End PBXNativeTarget section */

/* Begin PBXProject section */
		2B9E957528F3D51E0005D7B5 /* Project object */ = {
			isa = PBXProject;
			attributes = {
				BuildIndependentTargetsInParallel = 1;
				LastSwiftUpdateCheck = 1400;
				LastUpgradeCheck = 1400;
				TargetAttributes = {
					2B9E957C28F3D51E0005D7B5 = {
						CreatedOnToolsVersion = 14.0.1;
					};
					2B9E959528F3D5260005D7B5 = {
						CreatedOnToolsVersion = 14.0.1;
						TestTargetID = 2B9E957C28F3D51E0005D7B5;
					};
					2B9E959F28F3D5260005D7B5 = {
						CreatedOnToolsVersion = 14.0.1;
						TestTargetID = 2B9E957C28F3D51E0005D7B5;
					};
				};
			};
			buildConfigurationList = 2B9E957828F3D51E0005D7B5 /* Build configuration list for PBXProject "Parstagram" */;
			compatibilityVersion = "Xcode 13.0";
			developmentRegion = en;
			hasScannedForEncodings = 0;
			knownRegions = (
				en,
				Base,
			);
			mainGroup = 2B9E957428F3D51E0005D7B5;
			productRefGroup = 2B9E957E28F3D51E0005D7B5 /* Products */;
			projectDirPath = "";
			projectRoot = "";
			targets = (
				2B9E957C28F3D51E0005D7B5 /* Parstagram */,
				2B9E959528F3D5260005D7B5 /* ParstagramTests */,
				2B9E959F28F3D5260005D7B5 /* ParstagramUITests */,
			);
		};
/* End PBXProject section */

/* Begin PBXResourcesBuildPhase section */
		2B9E957B28F3D51E0005D7B5 /* Resources */ = {
			isa = PBXResourcesBuildPhase;
			buildActionMask = 2147483647;
			files = (
				2B9E959028F3D5250005D7B5 /* LaunchScreen.storyboard in Resources */,
				2B9E958D28F3D5250005D7B5 /* Assets.xcassets in Resources */,
				2B9E958828F3D51E0005D7B5 /* Main.storyboard in Resources */,
			);
			runOnlyForDeploymentPostprocessing = 0;
		};
		2B9E959428F3D5260005D7B5 /* Resources */ = {
			isa = PBXResourcesBuildPhase;
			buildActionMask = 2147483647;
			files = (
			);
			runOnlyForDeploymentPostprocessing = 0;
		};
		2B9E959E28F3D5260005D7B5 /* Resources */ = {
			isa = PBXResourcesBuildPhase;
			buildActionMask = 2147483647;
			files = (
			);
			runOnlyForDeploymentPostprocessing = 0;
		};
/* End PBXResourcesBuildPhase section */

/* Begin PBXShellScriptBuildPhase section */
		1AF2FF32B7EE0CD7C4BBD447 /* [CP] Embed Pods Frameworks */ = {
			isa = PBXShellScriptBuildPhase;
			buildActionMask = 2147483647;
			files = (
			);
			inputFileListPaths = (
				"${PODS_ROOT}/Target Support Files/Pods-Parstagram-ParstagramUITests/Pods-Parstagram-ParstagramUITests-frameworks-${CONFIGURATION}-input-files.xcfilelist",
			);
			name = "[CP] Embed Pods Frameworks";
			outputFileListPaths = (
				"${PODS_ROOT}/Target Support Files/Pods-Parstagram-ParstagramUITests/Pods-Parstagram-ParstagramUITests-frameworks-${CONFIGURATION}-output-files.xcfilelist",
			);
			runOnlyForDeploymentPostprocessing = 0;
			shellPath = /bin/sh;
			shellScript = "\"${PODS_ROOT}/Target Support Files/Pods-Parstagram-ParstagramUITests/Pods-Parstagram-ParstagramUITests-frameworks.sh\"\n";
			showEnvVarsInLog = 0;
		};
		406B9166222F62DCB1E6CFB6 /* [CP] Check Pods Manifest.lock */ = {
			isa = PBXShellScriptBuildPhase;
			buildActionMask = 2147483647;
			files = (
			);
			inputFileListPaths = (
			);
			inputPaths = (
				"${PODS_PODFILE_DIR_PATH}/Podfile.lock",
				"${PODS_ROOT}/Manifest.lock",
			);
			name = "[CP] Check Pods Manifest.lock";
			outputFileListPaths = (
			);
			outputPaths = (
				"$(DERIVED_FILE_DIR)/Pods-Parstagram-ParstagramUITests-checkManifestLockResult.txt",
			);
			runOnlyForDeploymentPostprocessing = 0;
			shellPath = /bin/sh;
			shellScript = "diff \"${PODS_PODFILE_DIR_PATH}/Podfile.lock\" \"${PODS_ROOT}/Manifest.lock\" > /dev/null\nif [ $? != 0 ] ; then\n    # print error to STDERR\n    echo \"error: The sandbox is not in sync with the Podfile.lock. Run 'pod install' or update your CocoaPods installation.\" >&2\n    exit 1\nfi\n# This output is used by Xcode 'outputs' to avoid re-running this script phase.\necho \"SUCCESS\" > \"${SCRIPT_OUTPUT_FILE_0}\"\n";
			showEnvVarsInLog = 0;
		};
		8031185103DD1CDDC92D7591 /* [CP] Check Pods Manifest.lock */ = {
			isa = PBXShellScriptBuildPhase;
			buildActionMask = 2147483647;
			files = (
			);
			inputFileListPaths = (
			);
			inputPaths = (
				"${PODS_PODFILE_DIR_PATH}/Podfile.lock",
				"${PODS_ROOT}/Manifest.lock",
			);
			name = "[CP] Check Pods Manifest.lock";
			outputFileListPaths = (
			);
			outputPaths = (
				"$(DERIVED_FILE_DIR)/Pods-Parstagram-checkManifestLockResult.txt",
			);
			runOnlyForDeploymentPostprocessing = 0;
			shellPath = /bin/sh;
			shellScript = "diff \"${PODS_PODFILE_DIR_PATH}/Podfile.lock\" \"${PODS_ROOT}/Manifest.lock\" > /dev/null\nif [ $? != 0 ] ; then\n    # print error to STDERR\n    echo \"error: The sandbox is not in sync with the Podfile.lock. Run 'pod install' or update your CocoaPods installation.\" >&2\n    exit 1\nfi\n# This output is used by Xcode 'outputs' to avoid re-running this script phase.\necho \"SUCCESS\" > \"${SCRIPT_OUTPUT_FILE_0}\"\n";
			showEnvVarsInLog = 0;
		};
		8715DC4552D8A6A4706FC113 /* [CP] Embed Pods Frameworks */ = {
			isa = PBXShellScriptBuildPhase;
			buildActionMask = 2147483647;
			files = (
			);
			inputFileListPaths = (
				"${PODS_ROOT}/Target Support Files/Pods-Parstagram/Pods-Parstagram-frameworks-${CONFIGURATION}-input-files.xcfilelist",
			);
			name = "[CP] Embed Pods Frameworks";
			outputFileListPaths = (
				"${PODS_ROOT}/Target Support Files/Pods-Parstagram/Pods-Parstagram-frameworks-${CONFIGURATION}-output-files.xcfilelist",
			);
			runOnlyForDeploymentPostprocessing = 0;
			shellPath = /bin/sh;
			shellScript = "\"${PODS_ROOT}/Target Support Files/Pods-Parstagram/Pods-Parstagram-frameworks.sh\"\n";
			showEnvVarsInLog = 0;
		};
		B29FDFC2038FF3443ED14AC0 /* [CP] Check Pods Manifest.lock */ = {
			isa = PBXShellScriptBuildPhase;
			buildActionMask = 2147483647;
			files = (
			);
			inputFileListPaths = (
			);
			inputPaths = (
				"${PODS_PODFILE_DIR_PATH}/Podfile.lock",
				"${PODS_ROOT}/Manifest.lock",
			);
			name = "[CP] Check Pods Manifest.lock";
			outputFileListPaths = (
			);
			outputPaths = (
				"$(DERIVED_FILE_DIR)/Pods-ParstagramTests-checkManifestLockResult.txt",
			);
			runOnlyForDeploymentPostprocessing = 0;
			shellPath = /bin/sh;
			shellScript = "diff \"${PODS_PODFILE_DIR_PATH}/Podfile.lock\" \"${PODS_ROOT}/Manifest.lock\" > /dev/null\nif [ $? != 0 ] ; then\n    # print error to STDERR\n    echo \"error: The sandbox is not in sync with the Podfile.lock. Run 'pod install' or update your CocoaPods installation.\" >&2\n    exit 1\nfi\n# This output is used by Xcode 'outputs' to avoid re-running this script phase.\necho \"SUCCESS\" > \"${SCRIPT_OUTPUT_FILE_0}\"\n";
			showEnvVarsInLog = 0;
		};
/* End PBXShellScriptBuildPhase section */

/* Begin PBXSourcesBuildPhase section */
		2B9E957928F3D51E0005D7B5 /* Sources */ = {
			isa = PBXSourcesBuildPhase;
			buildActionMask = 2147483647;
			files = (
				2B4A4C2228F53CF200B94645 /* PostCell.swift in Sources */,
				2B95E31D28F4CF49007205F7 /* LoginViewController.swift in Sources */,
				2B9E958B28F3D51E0005D7B5 /* Parstagram.xcdatamodeld in Sources */,
				2B95E31F28F4CF61007205F7 /* FeedViewController.swift in Sources */,
				2B9E958128F3D51E0005D7B5 /* AppDelegate.swift in Sources */,
				2B9E958328F3D51E0005D7B5 /* SceneDelegate.swift in Sources */,
				2B94F7F128F5051E00B31187 /* CameraViewController.swift in Sources */,
			);
			runOnlyForDeploymentPostprocessing = 0;
		};
		2B9E959228F3D5260005D7B5 /* Sources */ = {
			isa = PBXSourcesBuildPhase;
			buildActionMask = 2147483647;
			files = (
				2B9E959B28F3D5260005D7B5 /* ParstagramTests.swift in Sources */,
			);
			runOnlyForDeploymentPostprocessing = 0;
		};
		2B9E959C28F3D5260005D7B5 /* Sources */ = {
			isa = PBXSourcesBuildPhase;
			buildActionMask = 2147483647;
			files = (
				2B9E95A728F3D5260005D7B5 /* ParstagramUITestsLaunchTests.swift in Sources */,
				2B9E95A528F3D5260005D7B5 /* ParstagramUITests.swift in Sources */,
			);
			runOnlyForDeploymentPostprocessing = 0;
		};
/* End PBXSourcesBuildPhase section */

/* Begin PBXTargetDependency section */
		2B9E959828F3D5260005D7B5 /* PBXTargetDependency */ = {
			isa = PBXTargetDependency;
			target = 2B9E957C28F3D51E0005D7B5 /* Parstagram */;
			targetProxy = 2B9E959728F3D5260005D7B5 /* PBXContainerItemProxy */;
		};
		2B9E95A228F3D5260005D7B5 /* PBXTargetDependency */ = {
			isa = PBXTargetDependency;
			target = 2B9E957C28F3D51E0005D7B5 /* Parstagram */;
			targetProxy = 2B9E95A128F3D5260005D7B5 /* PBXContainerItemProxy */;
		};
/* End PBXTargetDependency section */

/* Begin PBXVariantGroup section */
		2B9E958628F3D51E0005D7B5 /* Main.storyboard */ = {
			isa = PBXVariantGroup;
			children = (
				2B9E958728F3D51E0005D7B5 /* Base */,
			);
			name = Main.storyboard;
			sourceTree = "<group>";
		};
		2B9E958E28F3D5250005D7B5 /* LaunchScreen.storyboard */ = {
			isa = PBXVariantGroup;
			children = (
				2B9E958F28F3D5250005D7B5 /* Base */,
			);
			name = LaunchScreen.storyboard;
			sourceTree = "<group>";
		};
/* End PBXVariantGroup section */

/* Begin XCBuildConfiguration section */
		2B9E95A828F3D5260005D7B5 /* Debug */ = {
			isa = XCBuildConfiguration;
			buildSettings = {
				ALWAYS_SEARCH_USER_PATHS = NO;
				CLANG_ANALYZER_NONNULL = YES;
				CLANG_ANALYZER_NUMBER_OBJECT_CONVERSION = YES_AGGRESSIVE;
				CLANG_CXX_LANGUAGE_STANDARD = "gnu++20";
				CLANG_ENABLE_MODULES = YES;
				CLANG_ENABLE_OBJC_ARC = YES;
				CLANG_ENABLE_OBJC_WEAK = YES;
				CLANG_WARN_BLOCK_CAPTURE_AUTORELEASING = YES;
				CLANG_WARN_BOOL_CONVERSION = YES;
				CLANG_WARN_COMMA = YES;
				CLANG_WARN_CONSTANT_CONVERSION = YES;
				CLANG_WARN_DEPRECATED_OBJC_IMPLEMENTATIONS = YES;
				CLANG_WARN_DIRECT_OBJC_ISA_USAGE = YES_ERROR;
				CLANG_WARN_DOCUMENTATION_COMMENTS = YES;
				CLANG_WARN_EMPTY_BODY = YES;
				CLANG_WARN_ENUM_CONVERSION = YES;
				CLANG_WARN_INFINITE_RECURSION = YES;
				CLANG_WARN_INT_CONVERSION = YES;
				CLANG_WARN_NON_LITERAL_NULL_CONVERSION = YES;
				CLANG_WARN_OBJC_IMPLICIT_RETAIN_SELF = YES;
				CLANG_WARN_OBJC_LITERAL_CONVERSION = YES;
				CLANG_WARN_OBJC_ROOT_CLASS = YES_ERROR;
				CLANG_WARN_QUOTED_INCLUDE_IN_FRAMEWORK_HEADER = YES;
				CLANG_WARN_RANGE_LOOP_ANALYSIS = YES;
				CLANG_WARN_STRICT_PROTOTYPES = YES;
				CLANG_WARN_SUSPICIOUS_MOVE = YES;
				CLANG_WARN_UNGUARDED_AVAILABILITY = YES_AGGRESSIVE;
				CLANG_WARN_UNREACHABLE_CODE = YES;
				CLANG_WARN__DUPLICATE_METHOD_MATCH = YES;
				COPY_PHASE_STRIP = NO;
				DEBUG_INFORMATION_FORMAT = dwarf;
				ENABLE_STRICT_OBJC_MSGSEND = YES;
				ENABLE_TESTABILITY = YES;
				GCC_C_LANGUAGE_STANDARD = gnu11;
				GCC_DYNAMIC_NO_PIC = NO;
				GCC_NO_COMMON_BLOCKS = YES;
				GCC_OPTIMIZATION_LEVEL = 0;
				GCC_PREPROCESSOR_DEFINITIONS = (
					"DEBUG=1",
					"$(inherited)",
				);
				GCC_WARN_64_TO_32_BIT_CONVERSION = YES;
				GCC_WARN_ABOUT_RETURN_TYPE = YES_ERROR;
				GCC_WARN_UNDECLARED_SELECTOR = YES;
				GCC_WARN_UNINITIALIZED_AUTOS = YES_AGGRESSIVE;
				GCC_WARN_UNUSED_FUNCTION = YES;
				GCC_WARN_UNUSED_VARIABLE = YES;
				IPHONEOS_DEPLOYMENT_TARGET = 16.0;
				MTL_ENABLE_DEBUG_INFO = INCLUDE_SOURCE;
				MTL_FAST_MATH = YES;
				ONLY_ACTIVE_ARCH = YES;
				SDKROOT = iphoneos;
				SWIFT_ACTIVE_COMPILATION_CONDITIONS = DEBUG;
				SWIFT_OPTIMIZATION_LEVEL = "-Onone";
			};
			name = Debug;
		};
		2B9E95A928F3D5260005D7B5 /* Release */ = {
			isa = XCBuildConfiguration;
			buildSettings = {
				ALWAYS_SEARCH_USER_PATHS = NO;
				CLANG_ANALYZER_NONNULL = YES;
				CLANG_ANALYZER_NUMBER_OBJECT_CONVERSION = YES_AGGRESSIVE;
				CLANG_CXX_LANGUAGE_STANDARD = "gnu++20";
				CLANG_ENABLE_MODULES = YES;
				CLANG_ENABLE_OBJC_ARC = YES;
				CLANG_ENABLE_OBJC_WEAK = YES;
				CLANG_WARN_BLOCK_CAPTURE_AUTORELEASING = YES;
				CLANG_WARN_BOOL_CONVERSION = YES;
				CLANG_WARN_COMMA = YES;
				CLANG_WARN_CONSTANT_CONVERSION = YES;
				CLANG_WARN_DEPRECATED_OBJC_IMPLEMENTATIONS = YES;
				CLANG_WARN_DIRECT_OBJC_ISA_USAGE = YES_ERROR;
				CLANG_WARN_DOCUMENTATION_COMMENTS = YES;
				CLANG_WARN_EMPTY_BODY = YES;
				CLANG_WARN_ENUM_CONVERSION = YES;
				CLANG_WARN_INFINITE_RECURSION = YES;
				CLANG_WARN_INT_CONVERSION = YES;
				CLANG_WARN_NON_LITERAL_NULL_CONVERSION = YES;
				CLANG_WARN_OBJC_IMPLICIT_RETAIN_SELF = YES;
				CLANG_WARN_OBJC_LITERAL_CONVERSION = YES;
				CLANG_WARN_OBJC_ROOT_CLASS = YES_ERROR;
				CLANG_WARN_QUOTED_INCLUDE_IN_FRAMEWORK_HEADER = YES;
				CLANG_WARN_RANGE_LOOP_ANALYSIS = YES;
				CLANG_WARN_STRICT_PROTOTYPES = YES;
				CLANG_WARN_SUSPICIOUS_MOVE = YES;
				CLANG_WARN_UNGUARDED_AVAILABILITY = YES_AGGRESSIVE;
				CLANG_WARN_UNREACHABLE_CODE = YES;
				CLANG_WARN__DUPLICATE_METHOD_MATCH = YES;
				COPY_PHASE_STRIP = NO;
				DEBUG_INFORMATION_FORMAT = "dwarf-with-dsym";
				ENABLE_NS_ASSERTIONS = NO;
				ENABLE_STRICT_OBJC_MSGSEND = YES;
				GCC_C_LANGUAGE_STANDARD = gnu11;
				GCC_NO_COMMON_BLOCKS = YES;
				GCC_WARN_64_TO_32_BIT_CONVERSION = YES;
				GCC_WARN_ABOUT_RETURN_TYPE = YES_ERROR;
				GCC_WARN_UNDECLARED_SELECTOR = YES;
				GCC_WARN_UNINITIALIZED_AUTOS = YES_AGGRESSIVE;
				GCC_WARN_UNUSED_FUNCTION = YES;
				GCC_WARN_UNUSED_VARIABLE = YES;
				IPHONEOS_DEPLOYMENT_TARGET = 16.0;
				MTL_ENABLE_DEBUG_INFO = NO;
				MTL_FAST_MATH = YES;
				SDKROOT = iphoneos;
				SWIFT_COMPILATION_MODE = wholemodule;
				SWIFT_OPTIMIZATION_LEVEL = "-O";
				VALIDATE_PRODUCT = YES;
			};
			name = Release;
		};
		2B9E95AB28F3D5260005D7B5 /* Debug */ = {
			isa = XCBuildConfiguration;
			baseConfigurationReference = A25EE5425626D318E3875E20 /* Pods-Parstagram.debug.xcconfig */;
			buildSettings = {
				ASSETCATALOG_COMPILER_APPICON_NAME = AppIcon;
				ASSETCATALOG_COMPILER_GLOBAL_ACCENT_COLOR_NAME = AccentColor;
				CODE_SIGN_STYLE = Automatic;
				CURRENT_PROJECT_VERSION = 1;
				DEVELOPMENT_TEAM = 92B8B7PDDJ;
				GENERATE_INFOPLIST_FILE = YES;
				INFOPLIST_FILE = Parstagram/Info.plist;
				INFOPLIST_KEY_UIApplicationSupportsIndirectInputEvents = YES;
				INFOPLIST_KEY_UILaunchStoryboardName = LaunchScreen;
				INFOPLIST_KEY_UIMainStoryboardFile = Main;
				INFOPLIST_KEY_UISupportedInterfaceOrientations_iPad = "UIInterfaceOrientationPortrait UIInterfaceOrientationPortraitUpsideDown UIInterfaceOrientationLandscapeLeft UIInterfaceOrientationLandscapeRight";
				INFOPLIST_KEY_UISupportedInterfaceOrientations_iPhone = "UIInterfaceOrientationPortrait UIInterfaceOrientationLandscapeLeft UIInterfaceOrientationLandscapeRight";
				LD_RUNPATH_SEARCH_PATHS = (
					"$(inherited)",
					"@executable_path/Frameworks",
				);
				MARKETING_VERSION = 1.0;
				PRODUCT_BUNDLE_IDENTIFIER = com.quanguyendg.Parstagram;
				PRODUCT_NAME = "$(TARGET_NAME)";
				SWIFT_EMIT_LOC_STRINGS = YES;
				SWIFT_VERSION = 5.0;
				TARGETED_DEVICE_FAMILY = "1,2";
			};
			name = Debug;
		};
		2B9E95AC28F3D5260005D7B5 /* Release */ = {
			isa = XCBuildConfiguration;
			baseConfigurationReference = 084C907FB54043D7AD70993C /* Pods-Parstagram.release.xcconfig */;
			buildSettings = {
				ASSETCATALOG_COMPILER_APPICON_NAME = AppIcon;
				ASSETCATALOG_COMPILER_GLOBAL_ACCENT_COLOR_NAME = AccentColor;
				CODE_SIGN_STYLE = Automatic;
				CURRENT_PROJECT_VERSION = 1;
				DEVELOPMENT_TEAM = 92B8B7PDDJ;
				GENERATE_INFOPLIST_FILE = YES;
				INFOPLIST_FILE = Parstagram/Info.plist;
				INFOPLIST_KEY_UIApplicationSupportsIndirectInputEvents = YES;
				INFOPLIST_KEY_UILaunchStoryboardName = LaunchScreen;
				INFOPLIST_KEY_UIMainStoryboardFile = Main;
				INFOPLIST_KEY_UISupportedInterfaceOrientations_iPad = "UIInterfaceOrientationPortrait UIInterfaceOrientationPortraitUpsideDown UIInterfaceOrientationLandscapeLeft UIInterfaceOrientationLandscapeRight";
				INFOPLIST_KEY_UISupportedInterfaceOrientations_iPhone = "UIInterfaceOrientationPortrait UIInterfaceOrientationLandscapeLeft UIInterfaceOrientationLandscapeRight";
				LD_RUNPATH_SEARCH_PATHS = (
					"$(inherited)",
					"@executable_path/Frameworks",
				);
				MARKETING_VERSION = 1.0;
				PRODUCT_BUNDLE_IDENTIFIER = com.quanguyendg.Parstagram;
				PRODUCT_NAME = "$(TARGET_NAME)";
				SWIFT_EMIT_LOC_STRINGS = YES;
				SWIFT_VERSION = 5.0;
				TARGETED_DEVICE_FAMILY = "1,2";
			};
			name = Release;
		};
		2B9E95AE28F3D5260005D7B5 /* Debug */ = {
			isa = XCBuildConfiguration;
			baseConfigurationReference = F824A42ECE623343A3034224 /* Pods-ParstagramTests.debug.xcconfig */;
			buildSettings = {
				ALWAYS_EMBED_SWIFT_STANDARD_LIBRARIES = YES;
				BUNDLE_LOADER = "$(TEST_HOST)";
				CODE_SIGN_STYLE = Automatic;
				CURRENT_PROJECT_VERSION = 1;
				DEVELOPMENT_TEAM = 92B8B7PDDJ;
				GENERATE_INFOPLIST_FILE = YES;
				IPHONEOS_DEPLOYMENT_TARGET = 16.0;
				MARKETING_VERSION = 1.0;
				PRODUCT_BUNDLE_IDENTIFIER = com.quanguyendg.ParstagramTests;
				PRODUCT_NAME = "$(TARGET_NAME)";
				SWIFT_EMIT_LOC_STRINGS = NO;
				SWIFT_VERSION = 5.0;
				TARGETED_DEVICE_FAMILY = "1,2";
				TEST_HOST = "$(BUILT_PRODUCTS_DIR)/Parstagram.app/$(BUNDLE_EXECUTABLE_FOLDER_PATH)/Parstagram";
			};
			name = Debug;
		};
		2B9E95AF28F3D5260005D7B5 /* Release */ = {
			isa = XCBuildConfiguration;
			baseConfigurationReference = A291F9975FE4E694DE3E4FBD /* Pods-ParstagramTests.release.xcconfig */;
			buildSettings = {
				ALWAYS_EMBED_SWIFT_STANDARD_LIBRARIES = YES;
				BUNDLE_LOADER = "$(TEST_HOST)";
				CODE_SIGN_STYLE = Automatic;
				CURRENT_PROJECT_VERSION = 1;
				DEVELOPMENT_TEAM = 92B8B7PDDJ;
				GENERATE_INFOPLIST_FILE = YES;
				IPHONEOS_DEPLOYMENT_TARGET = 16.0;
				MARKETING_VERSION = 1.0;
				PRODUCT_BUNDLE_IDENTIFIER = com.quanguyendg.ParstagramTests;
				PRODUCT_NAME = "$(TARGET_NAME)";
				SWIFT_EMIT_LOC_STRINGS = NO;
				SWIFT_VERSION = 5.0;
				TARGETED_DEVICE_FAMILY = "1,2";
				TEST_HOST = "$(BUILT_PRODUCTS_DIR)/Parstagram.app/$(BUNDLE_EXECUTABLE_FOLDER_PATH)/Parstagram";
			};
			name = Release;
		};
		2B9E95B128F3D5260005D7B5 /* Debug */ = {
			isa = XCBuildConfiguration;
			baseConfigurationReference = 265AD3CB306335B3ACD5FDBA /* Pods-Parstagram-ParstagramUITests.debug.xcconfig */;
			buildSettings = {
				ALWAYS_EMBED_SWIFT_STANDARD_LIBRARIES = YES;
				CODE_SIGN_STYLE = Automatic;
				CURRENT_PROJECT_VERSION = 1;
				DEVELOPMENT_TEAM = 92B8B7PDDJ;
				GENERATE_INFOPLIST_FILE = YES;
				MARKETING_VERSION = 1.0;
				PRODUCT_BUNDLE_IDENTIFIER = com.quanguyendg.ParstagramUITests;
				PRODUCT_NAME = "$(TARGET_NAME)";
				SWIFT_EMIT_LOC_STRINGS = NO;
				SWIFT_VERSION = 5.0;
				TARGETED_DEVICE_FAMILY = "1,2";
				TEST_TARGET_NAME = Parstagram;
			};
			name = Debug;
		};
		2B9E95B228F3D5260005D7B5 /* Release */ = {
			isa = XCBuildConfiguration;
			baseConfigurationReference = 7DB3E8AA5721859117BA8F7A /* Pods-Parstagram-ParstagramUITests.release.xcconfig */;
			buildSettings = {
				ALWAYS_EMBED_SWIFT_STANDARD_LIBRARIES = YES;
				CODE_SIGN_STYLE = Automatic;
				CURRENT_PROJECT_VERSION = 1;
				DEVELOPMENT_TEAM = 92B8B7PDDJ;
				GENERATE_INFOPLIST_FILE = YES;
				MARKETING_VERSION = 1.0;
				PRODUCT_BUNDLE_IDENTIFIER = com.quanguyendg.ParstagramUITests;
				PRODUCT_NAME = "$(TARGET_NAME)";
				SWIFT_EMIT_LOC_STRINGS = NO;
				SWIFT_VERSION = 5.0;
				TARGETED_DEVICE_FAMILY = "1,2";
				TEST_TARGET_NAME = Parstagram;
			};
			name = Release;
		};
/* End XCBuildConfiguration section */

/* Begin XCConfigurationList section */
		2B9E957828F3D51E0005D7B5 /* Build configuration list for PBXProject "Parstagram" */ = {
			isa = XCConfigurationList;
			buildConfigurations = (
				2B9E95A828F3D5260005D7B5 /* Debug */,
				2B9E95A928F3D5260005D7B5 /* Release */,
			);
			defaultConfigurationIsVisible = 0;
			defaultConfigurationName = Release;
		};
		2B9E95AA28F3D5260005D7B5 /* Build configuration list for PBXNativeTarget "Parstagram" */ = {
			isa = XCConfigurationList;
			buildConfigurations = (
				2B9E95AB28F3D5260005D7B5 /* Debug */,
				2B9E95AC28F3D5260005D7B5 /* Release */,
			);
			defaultConfigurationIsVisible = 0;
			defaultConfigurationName = Release;
		};
		2B9E95AD28F3D5260005D7B5 /* Build configuration list for PBXNativeTarget "ParstagramTests" */ = {
			isa = XCConfigurationList;
			buildConfigurations = (
				2B9E95AE28F3D5260005D7B5 /* Debug */,
				2B9E95AF28F3D5260005D7B5 /* Release */,
			);
			defaultConfigurationIsVisible = 0;
			defaultConfigurationName = Release;
		};
		2B9E95B028F3D5260005D7B5 /* Build configuration list for PBXNativeTarget "ParstagramUITests" */ = {
			isa = XCConfigurationList;
			buildConfigurations = (
				2B9E95B128F3D5260005D7B5 /* Debug */,
				2B9E95B228F3D5260005D7B5 /* Release */,
			);
			defaultConfigurationIsVisible = 0;
			defaultConfigurationName = Release;
		};
/* End XCConfigurationList section */

/* Begin XCVersionGroup section */
		2B9E958928F3D51E0005D7B5 /* Parstagram.xcdatamodeld */ = {
			isa = XCVersionGroup;
			children = (
				2B9E958A28F3D51E0005D7B5 /* Parstagram.xcdatamodel */,
			);
			currentVersion = 2B9E958A28F3D51E0005D7B5 /* Parstagram.xcdatamodel */;
			path = Parstagram.xcdatamodeld;
			sourceTree = "<group>";
			versionGroupType = wrapper.xcdatamodel;
		};
/* End XCVersionGroup section */
	};
	rootObject = 2B9E957528F3D51E0005D7B5 /* Project object */;
}
